{
  "name": "buttons",
  "version": "1.0.0",
  "lockfileVersion": 1,
  "requires": true,
  "dependencies": {
    "fastpriorityqueue": {
      "version": "0.6.3",
      "resolved": "https://registry.npm.taobao.org/fastpriorityqueue/download/fastpriorityqueue-0.6.3.tgz",
      "integrity": "sha1-YZznj4aoOVMKaRZdXWdvvekg9OI="
    }
  }
}
